
Microsoft Visual Studio Solution File, Format Version 12.00
# Visual Studio Version 16
VisualStudioVersion = 16.0.33328.57
MinimumVisualStudioVersion = 10.0.40219.1
Project("{FAE04EC0-301F-11D3-BF4B-00C04F79EFBC}") = "Personnel Tracking Program", "Personnel Tracking Program\Personnel Tracking Program.csproj", "{93C77EA6-2466-46AF-B45E-C12BC041F45E}"
EndProject
Global
	GlobalSection(SolutionConfigurationPlatforms) = preSolution
		Debug|Any CPU = Debug|Any CPU
		Release|Any CPU = Release|Any CPU
	EndGlobalSection
	GlobalSection(ProjectConfigurationPlatforms) = postSolution
		{93C77EA6-2466-46AF-B45E-C12BC041F45E}.Debug|Any CPU.ActiveCfg = Debug|Any CPU
		{93C77EA6-2466-46AF-B45E-C12BC041F45E}.Debug|Any CPU.Build.0 = Debug|Any CPU
		{93C77EA6-2466-46AF-B45E-C12BC041F45E}.Release|Any CPU.ActiveCfg = Release|Any CPU
		{93C77EA6-2466-46AF-B45E-C12BC041F45E}.Release|Any CPU.Build.0 = Release|Any CPU
	EndGlobalSection
	GlobalSection(SolutionProperties) = preSolution
		HideSolutionNode = FALSE
	EndGlobalSection
	GlobalSection(ExtensibilityGlobals) = postSolution
		SolutionGuid = {5B72B9AE-00B7-49C0-B6DE-4218B8CFF27E}
	EndGlobalSection
EndGlobal
